# THIS IS AN AUTOGENERATED FILE. DO NOT EDIT THIS FILE DIRECTLY.
# yarn lockfile v1


scroll-snap@^3.0.1:
  version "3.0.1"
  resolved "https://registry.yarnpkg.com/scroll-snap/-/scroll-snap-3.0.1.tgz#db3d845661f13263a381e5403ffbf447242de631"
  integrity sha512-RAaaYMwKCWlf0hRvMrOEXdfJ5RnBf8jWtE545AXMLRxqdTRSW6yeC4bgGWCkGMFVXYr0nVjkm34REjUPx1gCIQ==
